// !$*UTF8*$!
{
	archiveVersion = 1;
	classes = {
	};
	objectVersion = 56;
	objects = {

/* Begin PBXBuildFile section */
		302D2E682BD98AD60046B86F /* MenuView.swift in Sources */ = {isa = PBXBuildFile; fileRef = 302D2E672BD98AD60046B86F /* MenuView.swift */; };
		302D2E6A2BD98C1C0046B86F /* ButtonMenu.swift in Sources */ = {isa = PBXBuildFile; fileRef = 302D2E692BD98C1C0046B86F /* ButtonMenu.swift */; };
		305A33D52BDBDD9700E364B4 /* YourPrizeView.swift in Sources */ = {isa = PBXBuildFile; fileRef = 305A33D42BDBDD9700E364B4 /* YourPrizeView.swift */; };
		305A33FC2BDECE9600E364B4 /* Quiz.swift in Sources */ = {isa = PBXBuildFile; fileRef = 305A33FB2BDECE9600E364B4 /* Quiz.swift */; };
		305A33FF2BDED0DB00E364B4 /* QuizView.swift in Sources */ = {isa = PBXBuildFile; fileRef = 305A33FE2BDED0DB00E364B4 /* QuizView.swift */; };
		305A34012BDED33A00E364B4 /* BluButtonView.swift in Sources */ = {isa = PBXBuildFile; fileRef = 305A34002BDED33A00E364B4 /* BluButtonView.swift */; };
		305A34032BDED7B100E364B4 /* QuizQuestionsView.swift in Sources */ = {isa = PBXBuildFile; fileRef = 305A34022BDED7B100E364B4 /* QuizQuestionsView.swift */; };
		305A34052BDEE9F500E364B4 /* ButtonAnswerView.swift in Sources */ = {isa = PBXBuildFile; fileRef = 305A34042BDEE9F500E364B4 /* ButtonAnswerView.swift */; };
		3069A4342BE2D61D007EC393 /* WinnerView.swift in Sources */ = {isa = PBXBuildFile; fileRef = 3069A4332BE2D61D007EC393 /* WinnerView.swift */; };
		3069A4362BE2DA35007EC393 /* Tempdata.swift in Sources */ = {isa = PBXBuildFile; fileRef = 3069A4352BE2DA35007EC393 /* Tempdata.swift */; };
		3069A4382BE3B085007EC393 /* FotoQuiz.swift in Sources */ = {isa = PBXBuildFile; fileRef = 3069A4372BE3B085007EC393 /* FotoQuiz.swift */; };
		308066442BE3B75E00B4437A /* FotoQuizView.swift in Sources */ = {isa = PBXBuildFile; fileRef = 308066432BE3B75E00B4437A /* FotoQuizView.swift */; };
		308066462BE3C14700B4437A /* FotoQuestionsView.swift in Sources */ = {isa = PBXBuildFile; fileRef = 308066452BE3C14700B4437A /* FotoQuestionsView.swift */; };
		308066482BE3C1AD00B4437A /* FotoQuizCellView.swift in Sources */ = {isa = PBXBuildFile; fileRef = 308066472BE3C1AD00B4437A /* FotoQuizCellView.swift */; };
		308C42212BDA2D7800518B3B /* GamesView.swift in Sources */ = {isa = PBXBuildFile; fileRef = 308C42202BDA2D7800518B3B /* GamesView.swift */; };
		308C42242BDA36E700518B3B /* BonusGameView.swift in Sources */ = {isa = PBXBuildFile; fileRef = 308C42232BDA36E700518B3B /* BonusGameView.swift */; };
		30AF4FB42BE17A090048D6EB /* BlurView.swift in Sources */ = {isa = PBXBuildFile; fileRef = 30AF4FB32BE17A090048D6EB /* BlurView.swift */; };
		30AF4FB62BE17A7A0048D6EB /* InfoPassView.swift in Sources */ = {isa = PBXBuildFile; fileRef = 30AF4FB52BE17A7A0048D6EB /* InfoPassView.swift */; };
		30CE2AA42BD82E310011811A /* SportGameAppApp.swift in Sources */ = {isa = PBXBuildFile; fileRef = 30CE2AA32BD82E310011811A /* SportGameAppApp.swift */; };
		30CE2AA62BD82E310011811A /* WelcomeView.swift in Sources */ = {isa = PBXBuildFile; fileRef = 30CE2AA52BD82E310011811A /* WelcomeView.swift */; };
		30CE2AA82BD82E320011811A /* Assets.xcassets in Resources */ = {isa = PBXBuildFile; fileRef = 30CE2AA72BD82E320011811A /* Assets.xcassets */; };
		30CE2AAB2BD82E320011811A /* Preview Assets.xcassets in Resources */ = {isa = PBXBuildFile; fileRef = 30CE2AAA2BD82E320011811A /* Preview Assets.xcassets */; };
		30CE2AB32BD82E940011811A /* LoadingView.swift in Sources */ = {isa = PBXBuildFile; fileRef = 30CE2AB22BD82E940011811A /* LoadingView.swift */; };
		30CE2AB62BD82F610011811A /* ProgressBarView.swift in Sources */ = {isa = PBXBuildFile; fileRef = 30CE2AB52BD82F610011811A /* ProgressBarView.swift */; };
		30CE2AB82BD83A820011811A /* StartButton.swift in Sources */ = {isa = PBXBuildFile; fileRef = 30CE2AB72BD83A820011811A /* StartButton.swift */; };
		30E637492BDFE2B00017A238 /* PassIconView.swift in Sources */ = {isa = PBXBuildFile; fileRef = 30E637482BDFE2B00017A238 /* PassIconView.swift */; };
		30E6374B2BE016550017A238 /* ViewModel.swift in Sources */ = {isa = PBXBuildFile; fileRef = 30E6374A2BE016550017A238 /* ViewModel.swift */; };
		30E6374E2BE016BF0017A238 /* Shop.xcdatamodeld in Sources */ = {isa = PBXBuildFile; fileRef = 30E6374C2BE016BF0017A238 /* Shop.xcdatamodeld */; };
		30E637532BE026990017A238 /* ShopView.swift in Sources */ = {isa = PBXBuildFile; fileRef = 30E637522BE026990017A238 /* ShopView.swift */; };
		30F714402BDADCF1000E4449 /* ToolBarMoneyView.swift in Sources */ = {isa = PBXBuildFile; fileRef = 30F7143F2BDADCF1000E4449 /* ToolBarMoneyView.swift */; };
/* End PBXBuildFile section */

/* Begin PBXFileReference section */
		302D2E672BD98AD60046B86F /* MenuView.swift */ = {isa = PBXFileReference; lastKnownFileType = sourcecode.swift; path = MenuView.swift; sourceTree = "<group>"; };
		302D2E692BD98C1C0046B86F /* ButtonMenu.swift */ = {isa = PBXFileReference; lastKnownFileType = sourcecode.swift; path = ButtonMenu.swift; sourceTree = "<group>"; };
		305A33D42BDBDD9700E364B4 /* YourPrizeView.swift */ = {isa = PBXFileReference; lastKnownFileType = sourcecode.swift; path = YourPrizeView.swift; sourceTree = "<group>"; };
		305A33FB2BDECE9600E364B4 /* Quiz.swift */ = {isa = PBXFileReference; lastKnownFileType = sourcecode.swift; path = Quiz.swift; sourceTree = "<group>"; };
		305A33FE2BDED0DB00E364B4 /* QuizView.swift */ = {isa = PBXFileReference; lastKnownFileType = sourcecode.swift; path = QuizView.swift; sourceTree = "<group>"; };
		305A34002BDED33A00E364B4 /* BluButtonView.swift */ = {isa = PBXFileReference; lastKnownFileType = sourcecode.swift; path = BluButtonView.swift; sourceTree = "<group>"; };
		305A34022BDED7B100E364B4 /* QuizQuestionsView.swift */ = {isa = PBXFileReference; lastKnownFileType = sourcecode.swift; path = QuizQuestionsView.swift; sourceTree = "<group>"; };
		305A34042BDEE9F500E364B4 /* ButtonAnswerView.swift */ = {isa = PBXFileReference; lastKnownFileType = sourcecode.swift; path = ButtonAnswerView.swift; sourceTree = "<group>"; };
		3069A4332BE2D61D007EC393 /* WinnerView.swift */ = {isa = PBXFileReference; lastKnownFileType = sourcecode.swift; path = WinnerView.swift; sourceTree = "<group>"; };
		3069A4352BE2DA35007EC393 /* Tempdata.swift */ = {isa = PBXFileReference; lastKnownFileType = sourcecode.swift; path = Tempdata.swift; sourceTree = "<group>"; };
		3069A4372BE3B085007EC393 /* FotoQuiz.swift */ = {isa = PBXFileReference; lastKnownFileType = sourcecode.swift; path = FotoQuiz.swift; sourceTree = "<group>"; };
		308066432BE3B75E00B4437A /* FotoQuizView.swift */ = {isa = PBXFileReference; lastKnownFileType = sourcecode.swift; path = FotoQuizView.swift; sourceTree = "<group>"; };
		308066452BE3C14700B4437A /* FotoQuestionsView.swift */ = {isa = PBXFileReference; lastKnownFileType = sourcecode.swift; path = FotoQuestionsView.swift; sourceTree = "<group>"; };
		308066472BE3C1AD00B4437A /* FotoQuizCellView.swift */ = {isa = PBXFileReference; lastKnownFileType = sourcecode.swift; path = FotoQuizCellView.swift; sourceTree = "<group>"; };
		308C42202BDA2D7800518B3B /* GamesView.swift */ = {isa = PBXFileReference; lastKnownFileType = sourcecode.swift; path = GamesView.swift; sourceTree = "<group>"; };
		308C42232BDA36E700518B3B /* BonusGameView.swift */ = {isa = PBXFileReference; lastKnownFileType = sourcecode.swift; path = BonusGameView.swift; sourceTree = "<group>"; };
		30AF4FB32BE17A090048D6EB /* BlurView.swift */ = {isa = PBXFileReference; lastKnownFileType = sourcecode.swift; path = BlurView.swift; sourceTree = "<group>"; };
		30AF4FB52BE17A7A0048D6EB /* InfoPassView.swift */ = {isa = PBXFileReference; lastKnownFileType = sourcecode.swift; path = InfoPassView.swift; sourceTree = "<group>"; };
		30CE2AA02BD82E310011811A /* SportGameApp.app */ = {isa = PBXFileReference; explicitFileType = wrapper.application; includeInIndex = 0; path = SportGameApp.app; sourceTree = BUILT_PRODUCTS_DIR; };
		30CE2AA32BD82E310011811A /* SportGameAppApp.swift */ = {isa = PBXFileReference; lastKnownFileType = sourcecode.swift; path = SportGameAppApp.swift; sourceTree = "<group>"; };
		30CE2AA52BD82E310011811A /* WelcomeView.swift */ = {isa = PBXFileReference; lastKnownFileType = sourcecode.swift; path = WelcomeView.swift; sourceTree = "<group>"; };
		30CE2AA72BD82E320011811A /* Assets.xcassets */ = {isa = PBXFileReference; lastKnownFileType = folder.assetcatalog; path = Assets.xcassets; sourceTree = "<group>"; };
		30CE2AAA2BD82E320011811A /* Preview Assets.xcassets */ = {isa = PBXFileReference; lastKnownFileType = folder.assetcatalog; path = "Preview Assets.xcassets"; sourceTree = "<group>"; };
		30CE2AB22BD82E940011811A /* LoadingView.swift */ = {isa = PBXFileReference; lastKnownFileType = sourcecode.swift; path = LoadingView.swift; sourceTree = "<group>"; };
		30CE2AB52BD82F610011811A /* ProgressBarView.swift */ = {isa = PBXFileReference; lastKnownFileType = sourcecode.swift; path = ProgressBarView.swift; sourceTree = "<group>"; };
		30CE2AB72BD83A820011811A /* StartButton.swift */ = {isa = PBXFileReference; lastKnownFileType = sourcecode.swift; path = StartButton.swift; sourceTree = "<group>"; };
		30E637482BDFE2B00017A238 /* PassIconView.swift */ = {isa = PBXFileReference; lastKnownFileType = sourcecode.swift; path = PassIconView.swift; sourceTree = "<group>"; };
		30E6374A2BE016550017A238 /* ViewModel.swift */ = {isa = PBXFileReference; lastKnownFileType = sourcecode.swift; path = ViewModel.swift; sourceTree = "<group>"; };
		30E6374D2BE016BF0017A238 /* Shop.xcdatamodel */ = {isa = PBXFileReference; lastKnownFileType = wrapper.xcdatamodel; path = Shop.xcdatamodel; sourceTree = "<group>"; };
		30E637522BE026990017A238 /* ShopView.swift */ = {isa = PBXFileReference; lastKnownFileType = sourcecode.swift; path = ShopView.swift; sourceTree = "<group>"; };
		30F7143F2BDADCF1000E4449 /* ToolBarMoneyView.swift */ = {isa = PBXFileReference; lastKnownFileType = sourcecode.swift; path = ToolBarMoneyView.swift; sourceTree = "<group>"; };
/* End PBXFileReference section */

/* Begin PBXFrameworksBuildPhase section */
		30CE2A9D2BD82E310011811A /* Frameworks */ = {
			isa = PBXFrameworksBuildPhase;
			buildActionMask = 2147483647;
			files = (
			);
			runOnlyForDeploymentPostprocessing = 0;
		};
/* End PBXFrameworksBuildPhase section */

/* Begin PBXGroup section */
		302D2E662BD98ABE0046B86F /* Menu */ = {
			isa = PBXGroup;
			children = (
				302D2E672BD98AD60046B86F /* MenuView.swift */,
				30E6374A2BE016550017A238 /* ViewModel.swift */,
			);
			path = Menu;
			sourceTree = "<group>";
		};
		305A33FA2BDECE5F00E364B4 /* Model */ = {
			isa = PBXGroup;
			children = (
				305A33FB2BDECE9600E364B4 /* Quiz.swift */,
				3069A4372BE3B085007EC393 /* FotoQuiz.swift */,
			);
			path = Model;
			sourceTree = "<group>";
		};
		305A33FD2BDED0C100E364B4 /* Quiz */ = {
			isa = PBXGroup;
			children = (
				305A33FE2BDED0DB00E364B4 /* QuizView.swift */,
				305A34022BDED7B100E364B4 /* QuizQuestionsView.swift */,
				30AF4FB52BE17A7A0048D6EB /* InfoPassView.swift */,
				3069A4332BE2D61D007EC393 /* WinnerView.swift */,
			);
			path = Quiz;
			sourceTree = "<group>";
		};
		308066422BE3B74900B4437A /* FotoQuiz */ = {
			isa = PBXGroup;
			children = (
				308066432BE3B75E00B4437A /* FotoQuizView.swift */,
				308066452BE3C14700B4437A /* FotoQuestionsView.swift */,
				308066472BE3C1AD00B4437A /* FotoQuizCellView.swift */,
			);
			path = FotoQuiz;
			sourceTree = "<group>";
		};
		308C421F2BDA2D5D00518B3B /* Games */ = {
			isa = PBXGroup;
			children = (
				308C42202BDA2D7800518B3B /* GamesView.swift */,
			);
			path = Games;
			sourceTree = "<group>";
		};
		308C42222BDA36CB00518B3B /* BonusGame */ = {
			isa = PBXGroup;
			children = (
				308C42232BDA36E700518B3B /* BonusGameView.swift */,
				305A33D42BDBDD9700E364B4 /* YourPrizeView.swift */,
			);
			path = BonusGame;
			sourceTree = "<group>";
		};
		30CE2A972BD82E310011811A = {
			isa = PBXGroup;
			children = (
				30CE2AA22BD82E310011811A /* SportGameApp */,
				30CE2AA12BD82E310011811A /* Products */,
			);
			sourceTree = "<group>";
		};
		30CE2AA12BD82E310011811A /* Products */ = {
			isa = PBXGroup;
			children = (
				30CE2AA02BD82E310011811A /* SportGameApp.app */,
			);
			name = Products;
			sourceTree = "<group>";
		};
		30CE2AA22BD82E310011811A /* SportGameApp */ = {
			isa = PBXGroup;
			children = (
				308066422BE3B74900B4437A /* FotoQuiz */,
				30E637512BE026840017A238 /* Shop */,
				30CE2AB42BD82F460011811A /* Extention */,
				305A33FD2BDED0C100E364B4 /* Quiz */,
				308C42222BDA36CB00518B3B /* BonusGame */,
				308C421F2BDA2D5D00518B3B /* Games */,
				302D2E662BD98ABE0046B86F /* Menu */,
				30CE2AB12BD82E650011811A /* Welcom */,
				305A33FA2BDECE5F00E364B4 /* Model */,
				30CE2AA32BD82E310011811A /* SportGameAppApp.swift */,
				30CE2AA72BD82E320011811A /* Assets.xcassets */,
				30CE2AA92BD82E320011811A /* Preview Content */,
				30E6374C2BE016BF0017A238 /* Shop.xcdatamodeld */,
				3069A4352BE2DA35007EC393 /* Tempdata.swift */,
			);
			path = SportGameApp;
			sourceTree = "<group>";
		};
		30CE2AA92BD82E320011811A /* Preview Content */ = {
			isa = PBXGroup;
			children = (
				30CE2AAA2BD82E320011811A /* Preview Assets.xcassets */,
			);
			path = "Preview Content";
			sourceTree = "<group>";
		};
		30CE2AB12BD82E650011811A /* Welcom */ = {
			isa = PBXGroup;
			children = (
				30CE2AB22BD82E940011811A /* LoadingView.swift */,
				30CE2AA52BD82E310011811A /* WelcomeView.swift */,
			);
			path = Welcom;
			sourceTree = "<group>";
		};
		30CE2AB42BD82F460011811A /* Extention */ = {
			isa = PBXGroup;
			children = (
				30CE2AB52BD82F610011811A /* ProgressBarView.swift */,
				30CE2AB72BD83A820011811A /* StartButton.swift */,
				302D2E692BD98C1C0046B86F /* ButtonMenu.swift */,
				30F7143F2BDADCF1000E4449 /* ToolBarMoneyView.swift */,
				305A34002BDED33A00E364B4 /* BluButtonView.swift */,
				305A34042BDEE9F500E364B4 /* ButtonAnswerView.swift */,
				30E637482BDFE2B00017A238 /* PassIconView.swift */,
				30AF4FB32BE17A090048D6EB /* BlurView.swift */,
			);
			path = Extention;
			sourceTree = "<group>";
		};
		30E637512BE026840017A238 /* Shop */ = {
			isa = PBXGroup;
			children = (
				30E637522BE026990017A238 /* ShopView.swift */,
			);
			path = Shop;
			sourceTree = "<group>";
		};
/* End PBXGroup section */

/* Begin PBXNativeTarget section */
		30CE2A9F2BD82E310011811A /* SportGameApp */ = {
			isa = PBXNativeTarget;
			buildConfigurationList = 30CE2AAE2BD82E320011811A /* Build configuration list for PBXNativeTarget "SportGameApp" */;
			buildPhases = (
				30CE2A9C2BD82E310011811A /* Sources */,
				30CE2A9D2BD82E310011811A /* Frameworks */,
				30CE2A9E2BD82E310011811A /* Resources */,
			);
			buildRules = (
			);
			dependencies = (
			);
			name = SportGameApp;
			productName = SportGameApp;
			productReference = 30CE2AA02BD82E310011811A /* SportGameApp.app */;
			productType = "com.apple.product-type.application";
		};
/* End PBXNativeTarget section */

/* Begin PBXProject section */
		30CE2A982BD82E310011811A /* Project object */ = {
			isa = PBXProject;
			attributes = {
				BuildIndependentTargetsInParallel = 1;
				LastSwiftUpdateCheck = 1500;
				LastUpgradeCheck = 1500;
				TargetAttributes = {
					30CE2A9F2BD82E310011811A = {
						CreatedOnToolsVersion = 15.0.1;
					};
				};
			};
			buildConfigurationList = 30CE2A9B2BD82E310011811A /* Build configuration list for PBXProject "SportGameApp" */;
			compatibilityVersion = "Xcode 14.0";
			developmentRegion = en;
			hasScannedForEncodings = 0;
			knownRegions = (
				en,
				Base,
			);
			mainGroup = 30CE2A972BD82E310011811A;
			productRefGroup = 30CE2AA12BD82E310011811A /* Products */;
			projectDirPath = "";
			projectRoot = "";
			targets = (
				30CE2A9F2BD82E310011811A /* SportGameApp */,
			);
		};
/* End PBXProject section */

/* Begin PBXResourcesBuildPhase section */
		30CE2A9E2BD82E310011811A /* Resources */ = {
			isa = PBXResourcesBuildPhase;
			buildActionMask = 2147483647;
			files = (
				30CE2AAB2BD82E320011811A /* Preview Assets.xcassets in Resources */,
				30CE2AA82BD82E320011811A /* Assets.xcassets in Resources */,
			);
			runOnlyForDeploymentPostprocessing = 0;
		};
/* End PBXResourcesBuildPhase section */

/* Begin PBXSourcesBuildPhase section */
		30CE2A9C2BD82E310011811A /* Sources */ = {
			isa = PBXSourcesBuildPhase;
			buildActionMask = 2147483647;
			files = (
				302D2E6A2BD98C1C0046B86F /* ButtonMenu.swift in Sources */,
				30CE2AA62BD82E310011811A /* WelcomeView.swift in Sources */,
				30E637492BDFE2B00017A238 /* PassIconView.swift in Sources */,
				305A33FC2BDECE9600E364B4 /* Quiz.swift in Sources */,
				305A33D52BDBDD9700E364B4 /* YourPrizeView.swift in Sources */,
				308066482BE3C1AD00B4437A /* FotoQuizCellView.swift in Sources */,
				305A33FF2BDED0DB00E364B4 /* QuizView.swift in Sources */,
				308C42212BDA2D7800518B3B /* GamesView.swift in Sources */,
				308C42242BDA36E700518B3B /* BonusGameView.swift in Sources */,
				30AF4FB42BE17A090048D6EB /* BlurView.swift in Sources */,
				3069A4382BE3B085007EC393 /* FotoQuiz.swift in Sources */,
				302D2E682BD98AD60046B86F /* MenuView.swift in Sources */,
				305A34052BDEE9F500E364B4 /* ButtonAnswerView.swift in Sources */,
				30E6374B2BE016550017A238 /* ViewModel.swift in Sources */,
				308066462BE3C14700B4437A /* FotoQuestionsView.swift in Sources */,
				30F714402BDADCF1000E4449 /* ToolBarMoneyView.swift in Sources */,
				30E6374E2BE016BF0017A238 /* Shop.xcdatamodeld in Sources */,
				30CE2AB62BD82F610011811A /* ProgressBarView.swift in Sources */,
				30AF4FB62BE17A7A0048D6EB /* InfoPassView.swift in Sources */,
				30CE2AB82BD83A820011811A /* StartButton.swift in Sources */,
				3069A4362BE2DA35007EC393 /* Tempdata.swift in Sources */,
				305A34032BDED7B100E364B4 /* QuizQuestionsView.swift in Sources */,
				3069A4342BE2D61D007EC393 /* WinnerView.swift in Sources */,
				30CE2AA42BD82E310011811A /* SportGameAppApp.swift in Sources */,
				305A34012BDED33A00E364B4 /* BluButtonView.swift in Sources */,
				30E637532BE026990017A238 /* ShopView.swift in Sources */,
				30CE2AB32BD82E940011811A /* LoadingView.swift in Sources */,
				308066442BE3B75E00B4437A /* FotoQuizView.swift in Sources */,
			);
			runOnlyForDeploymentPostprocessing = 0;
		};
/* End PBXSourcesBuildPhase section */

/* Begin XCBuildConfiguration section */
		30CE2AAC2BD82E320011811A /* Debug */ = {
			isa = XCBuildConfiguration;
			buildSettings = {
				ALWAYS_SEARCH_USER_PATHS = NO;
				ASSETCATALOG_COMPILER_GENERATE_SWIFT_ASSET_SYMBOL_EXTENSIONS = YES;
				CLANG_ANALYZER_NONNULL = YES;
				CLANG_ANALYZER_NUMBER_OBJECT_CONVERSION = YES_AGGRESSIVE;
				CLANG_CXX_LANGUAGE_STANDARD = "gnu++20";
				CLANG_ENABLE_MODULES = YES;
				CLANG_ENABLE_OBJC_ARC = YES;
				CLANG_ENABLE_OBJC_WEAK = YES;
				CLANG_WARN_BLOCK_CAPTURE_AUTORELEASING = YES;
				CLANG_WARN_BOOL_CONVERSION = YES;
				CLANG_WARN_COMMA = YES;
				CLANG_WARN_CONSTANT_CONVERSION = YES;
				CLANG_WARN_DEPRECATED_OBJC_IMPLEMENTATIONS = YES;
				CLANG_WARN_DIRECT_OBJC_ISA_USAGE = YES_ERROR;
				CLANG_WARN_DOCUMENTATION_COMMENTS = YES;
				CLANG_WARN_EMPTY_BODY = YES;
				CLANG_WARN_ENUM_CONVERSION = YES;
				CLANG_WARN_INFINITE_RECURSION = YES;
				CLANG_WARN_INT_CONVERSION = YES;
				CLANG_WARN_NON_LITERAL_NULL_CONVERSION = YES;
				CLANG_WARN_OBJC_IMPLICIT_RETAIN_SELF = YES;
				CLANG_WARN_OBJC_LITERAL_CONVERSION = YES;
				CLANG_WARN_OBJC_ROOT_CLASS = YES_ERROR;
				CLANG_WARN_QUOTED_INCLUDE_IN_FRAMEWORK_HEADER = YES;
				CLANG_WARN_RANGE_LOOP_ANALYSIS = YES;
				CLANG_WARN_STRICT_PROTOTYPES = YES;
				CLANG_WARN_SUSPICIOUS_MOVE = YES;
				CLANG_WARN_UNGUARDED_AVAILABILITY = YES_AGGRESSIVE;
				CLANG_WARN_UNREACHABLE_CODE = YES;
				CLANG_WARN__DUPLICATE_METHOD_MATCH = YES;
				COPY_PHASE_STRIP = NO;
				DEBUG_INFORMATION_FORMAT = dwarf;
				ENABLE_STRICT_OBJC_MSGSEND = YES;
				ENABLE_TESTABILITY = YES;
				ENABLE_USER_SCRIPT_SANDBOXING = YES;
				GCC_C_LANGUAGE_STANDARD = gnu17;
				GCC_DYNAMIC_NO_PIC = NO;
				GCC_NO_COMMON_BLOCKS = YES;
				GCC_OPTIMIZATION_LEVEL = 0;
				GCC_PREPROCESSOR_DEFINITIONS = (
					"DEBUG=1",
					"$(inherited)",
				);
				GCC_WARN_64_TO_32_BIT_CONVERSION = YES;
				GCC_WARN_ABOUT_RETURN_TYPE = YES_ERROR;
				GCC_WARN_UNDECLARED_SELECTOR = YES;
				GCC_WARN_UNINITIALIZED_AUTOS = YES_AGGRESSIVE;
				GCC_WARN_UNUSED_FUNCTION = YES;
				GCC_WARN_UNUSED_VARIABLE = YES;
				IPHONEOS_DEPLOYMENT_TARGET = 17.0;
				LOCALIZATION_PREFERS_STRING_CATALOGS = YES;
				MTL_ENABLE_DEBUG_INFO = INCLUDE_SOURCE;
				MTL_FAST_MATH = YES;
				ONLY_ACTIVE_ARCH = YES;
				SDKROOT = iphoneos;
				SWIFT_ACTIVE_COMPILATION_CONDITIONS = "DEBUG $(inherited)";
				SWIFT_OPTIMIZATION_LEVEL = "-Onone";
			};
			name = Debug;
		};
		30CE2AAD2BD82E320011811A /* Release */ = {
			isa = XCBuildConfiguration;
			buildSettings = {
				ALWAYS_SEARCH_USER_PATHS = NO;
				ASSETCATALOG_COMPILER_GENERATE_SWIFT_ASSET_SYMBOL_EXTENSIONS = YES;
				CLANG_ANALYZER_NONNULL = YES;
				CLANG_ANALYZER_NUMBER_OBJECT_CONVERSION = YES_AGGRESSIVE;
				CLANG_CXX_LANGUAGE_STANDARD = "gnu++20";
				CLANG_ENABLE_MODULES = YES;
				CLANG_ENABLE_OBJC_ARC = YES;
				CLANG_ENABLE_OBJC_WEAK = YES;
				CLANG_WARN_BLOCK_CAPTURE_AUTORELEASING = YES;
				CLANG_WARN_BOOL_CONVERSION = YES;
				CLANG_WARN_COMMA = YES;
				CLANG_WARN_CONSTANT_CONVERSION = YES;
				CLANG_WARN_DEPRECATED_OBJC_IMPLEMENTATIONS = YES;
				CLANG_WARN_DIRECT_OBJC_ISA_USAGE = YES_ERROR;
				CLANG_WARN_DOCUMENTATION_COMMENTS = YES;
				CLANG_WARN_EMPTY_BODY = YES;
				CLANG_WARN_ENUM_CONVERSION = YES;
				CLANG_WARN_INFINITE_RECURSION = YES;
				CLANG_WARN_INT_CONVERSION = YES;
				CLANG_WARN_NON_LITERAL_NULL_CONVERSION = YES;
				CLANG_WARN_OBJC_IMPLICIT_RETAIN_SELF = YES;
				CLANG_WARN_OBJC_LITERAL_CONVERSION = YES;
				CLANG_WARN_OBJC_ROOT_CLASS = YES_ERROR;
				CLANG_WARN_QUOTED_INCLUDE_IN_FRAMEWORK_HEADER = YES;
				CLANG_WARN_RANGE_LOOP_ANALYSIS = YES;
				CLANG_WARN_STRICT_PROTOTYPES = YES;
				CLANG_WARN_SUSPICIOUS_MOVE = YES;
				CLANG_WARN_UNGUARDED_AVAILABILITY = YES_AGGRESSIVE;
				CLANG_WARN_UNREACHABLE_CODE = YES;
				CLANG_WARN__DUPLICATE_METHOD_MATCH = YES;
				COPY_PHASE_STRIP = NO;
				DEBUG_INFORMATION_FORMAT = "dwarf-with-dsym";
				ENABLE_NS_ASSERTIONS = NO;
				ENABLE_STRICT_OBJC_MSGSEND = YES;
				ENABLE_USER_SCRIPT_SANDBOXING = YES;
				GCC_C_LANGUAGE_STANDARD = gnu17;
				GCC_NO_COMMON_BLOCKS = YES;
				GCC_WARN_64_TO_32_BIT_CONVERSION = YES;
				GCC_WARN_ABOUT_RETURN_TYPE = YES_ERROR;
				GCC_WARN_UNDECLARED_SELECTOR = YES;
				GCC_WARN_UNINITIALIZED_AUTOS = YES_AGGRESSIVE;
				GCC_WARN_UNUSED_FUNCTION = YES;
				GCC_WARN_UNUSED_VARIABLE = YES;
				IPHONEOS_DEPLOYMENT_TARGET = 17.0;
				LOCALIZATION_PREFERS_STRING_CATALOGS = YES;
				MTL_ENABLE_DEBUG_INFO = NO;
				MTL_FAST_MATH = YES;
				SDKROOT = iphoneos;
				SWIFT_COMPILATION_MODE = wholemodule;
				VALIDATE_PRODUCT = YES;
			};
			name = Release;
		};
		30CE2AAF2BD82E320011811A /* Debug */ = {
			isa = XCBuildConfiguration;
			buildSettings = {
				ASSETCATALOG_COMPILER_APPICON_NAME = AppIcon;
				ASSETCATALOG_COMPILER_GLOBAL_ACCENT_COLOR_NAME = AccentColor;
				CODE_SIGN_STYLE = Automatic;
				CURRENT_PROJECT_VERSION = 1;
				DEVELOPMENT_ASSET_PATHS = "\"SportGameApp/Preview Content\"";
				DEVELOPMENT_TEAM = AR6AN34RS9;
				ENABLE_PREVIEWS = YES;
				GENERATE_INFOPLIST_FILE = YES;
				INFOPLIST_KEY_UIApplicationSceneManifest_Generation = YES;
				INFOPLIST_KEY_UIApplicationSupportsIndirectInputEvents = YES;
				INFOPLIST_KEY_UILaunchScreen_Generation = YES;
				INFOPLIST_KEY_UISupportedInterfaceOrientations = UIInterfaceOrientationPortrait;
				INFOPLIST_KEY_UISupportedInterfaceOrientations_iPad = "UIInterfaceOrientationLandscapeLeft UIInterfaceOrientationLandscapeRight UIInterfaceOrientationPortrait UIInterfaceOrientationPortraitUpsideDown";
				IPHONEOS_DEPLOYMENT_TARGET = 15.0;
				LD_RUNPATH_SEARCH_PATHS = (
					"$(inherited)",
					"@executable_path/Frameworks",
				);
				MARKETING_VERSION = 1.0;
				PRODUCT_BUNDLE_IDENTIFIER = home.SportGameApp;
				PRODUCT_NAME = "$(TARGET_NAME)";
				SUPPORTED_PLATFORMS = "iphoneos iphonesimulator";
				SUPPORTS_MACCATALYST = NO;
				SUPPORTS_MAC_DESIGNED_FOR_IPHONE_IPAD = NO;
				SWIFT_EMIT_LOC_STRINGS = YES;
				SWIFT_VERSION = 5.0;
				TARGETED_DEVICE_FAMILY = 1;
			};
			name = Debug;
		};
		30CE2AB02BD82E320011811A /* Release */ = {
			isa = XCBuildConfiguration;
			buildSettings = {
				ASSETCATALOG_COMPILER_APPICON_NAME = AppIcon;
				ASSETCATALOG_COMPILER_GLOBAL_ACCENT_COLOR_NAME = AccentColor;
				CODE_SIGN_STYLE = Automatic;
				CURRENT_PROJECT_VERSION = 1;
				DEVELOPMENT_ASSET_PATHS = "\"SportGameApp/Preview Content\"";
				DEVELOPMENT_TEAM = AR6AN34RS9;
				ENABLE_PREVIEWS = YES;
				GENERATE_INFOPLIST_FILE = YES;
				INFOPLIST_KEY_UIApplicationSceneManifest_Generation = YES;
				INFOPLIST_KEY_UIApplicationSupportsIndirectInputEvents = YES;
				INFOPLIST_KEY_UILaunchScreen_Generation = YES;
				INFOPLIST_KEY_UISupportedInterfaceOrientations = UIInterfaceOrientationPortrait;
				INFOPLIST_KEY_UISupportedInterfaceOrientations_iPad = "UIInterfaceOrientationLandscapeLeft UIInterfaceOrientationLandscapeRight UIInterfaceOrientationPortrait UIInterfaceOrientationPortraitUpsideDown";
				IPHONEOS_DEPLOYMENT_TARGET = 15.0;
				LD_RUNPATH_SEARCH_PATHS = (
					"$(inherited)",
					"@executable_path/Frameworks",
				);
				MARKETING_VERSION = 1.0;
				PRODUCT_BUNDLE_IDENTIFIER = home.SportGameApp;
				PRODUCT_NAME = "$(TARGET_NAME)";
				SUPPORTED_PLATFORMS = "iphoneos iphonesimulator";
				SUPPORTS_MACCATALYST = NO;
				SUPPORTS_MAC_DESIGNED_FOR_IPHONE_IPAD = NO;
				SWIFT_EMIT_LOC_STRINGS = YES;
				SWIFT_VERSION = 5.0;
				TARGETED_DEVICE_FAMILY = 1;
			};
			name = Release;
		};
/* End XCBuildConfiguration section */

/* Begin XCConfigurationList section */
		30CE2A9B2BD82E310011811A /* Build configuration list for PBXProject "SportGameApp" */ = {
			isa = XCConfigurationList;
			buildConfigurations = (
				30CE2AAC2BD82E320011811A /* Debug */,
				30CE2AAD2BD82E320011811A /* Release */,
			);
			defaultConfigurationIsVisible = 0;
			defaultConfigurationName = Release;
		};
		30CE2AAE2BD82E320011811A /* Build configuration list for PBXNativeTarget "SportGameApp" */ = {
			isa = XCConfigurationList;
			buildConfigurations = (
				30CE2AAF2BD82E320011811A /* Debug */,
				30CE2AB02BD82E320011811A /* Release */,
			);
			defaultConfigurationIsVisible = 0;
			defaultConfigurationName = Release;
		};
/* End XCConfigurationList section */

/* Begin XCVersionGroup section */
		30E6374C2BE016BF0017A238 /* Shop.xcdatamodeld */ = {
			isa = XCVersionGroup;
			children = (
				30E6374D2BE016BF0017A238 /* Shop.xcdatamodel */,
			);
			currentVersion = 30E6374D2BE016BF0017A238 /* Shop.xcdatamodel */;
			path = Shop.xcdatamodeld;
			sourceTree = "<group>";
			versionGroupType = wrapper.xcdatamodel;
		};
/* End XCVersionGroup section */
	};
	rootObject = 30CE2A982BD82E310011811A /* Project object */;
}
